
Microsoft Visual Studio Solution File, Format Version 12.00
# Visual Studio Version 17
VisualStudioVersion = 17.14.36518.9
MinimumVisualStudioVersion = 10.0.40219.1
Project("{2150E333-8FDC-42A3-9474-1A3956D46DE8}") = "Task0", "Task0", "{02EA681E-C7D8-13C7-8484-4AC65E1B71E8}"
EndProject
Project("{FAE04EC0-301F-11D3-BF4B-00C04F79EFBC}") = "Tyuiu.RadchenkoAV.Sprint3.Task0.V4", "Tyuiu.RadchenkoAV.Sprint3.Task0.V4\Tyuiu.RadchenkoAV.Sprint3.Task0.V4.csproj", "{58BDCE56-2FEA-4064-9D44-5E89C57BCBB9}"
EndProject
Project("{FAE04EC0-301F-11D3-BF4B-00C04F79EFBC}") = "Tyuiu.RadchenkoAV.Sprint3.Task0.V4.Lib", "Tyuiu.RadchenkoAV.Sprint3.Task0.V4.Lib\Tyuiu.RadchenkoAV.Sprint3.Task0.V4.Lib.csproj", "{209E61CB-3ED4-4F8F-A218-6E80759A7FD5}"
EndProject
Project("{FAE04EC0-301F-11D3-BF4B-00C04F79EFBC}") = "Tyuiu.RadchenkoAV.Sprint3.Task0.V4.Test", "Tyuiu.RadchenkoAV.Sprint3.Task0.V4.Test\Tyuiu.RadchenkoAV.Sprint3.Task0.V4.Test.csproj", "{08F157E5-FDF1-48A5-9F53-4C2AB89C5165}"
EndProject
Project("{2150E333-8FDC-42A3-9474-1A3956D46DE8}") = "Task1", "Task1", "{62E6A9D9-F58C-4E41-97DB-1CFCDFC471B3}"
EndProject
Project("{FAE04EC0-301F-11D3-BF4B-00C04F79EFBC}") = "Tyuiu.RadchenkoAV.Sprint3.Task1.V29", "Tyuiu.RadchenkoAV.Sprint3.Task1.V29\Tyuiu.RadchenkoAV.Sprint3.Task1.V29.csproj", "{EF61B5F3-AD32-426C-A100-1C1FB272801F}"
EndProject
Project("{FAE04EC0-301F-11D3-BF4B-00C04F79EFBC}") = "Tyuiu.RadchenkoAV.Sprint3.Task1.V29.Lib", "Tyuiu.RadchenkoAV.Sprint3.Task1.V29.Lib\Tyuiu.RadchenkoAV.Sprint3.Task1.V29.Lib.csproj", "{D948C67F-169E-47D0-9742-753956F72D81}"
EndProject
Project("{FAE04EC0-301F-11D3-BF4B-00C04F79EFBC}") = "Tyuiu.RadchenkoAV.Sprint3.Task1.V29.Test", "Tyuiu.RadchenkoAV.Sprint3.Task1.V29.Test\Tyuiu.RadchenkoAV.Sprint3.Task1.V29.Test.csproj", "{2B2D1A91-513E-49D9-90FE-389646B99664}"
EndProject
Project("{2150E333-8FDC-42A3-9474-1A3956D46DE8}") = "Task2", "Task2", "{4695376E-39DB-4F14-A467-9C4D32F1AF9C}"
EndProject
Project("{FAE04EC0-301F-11D3-BF4B-00C04F79EFBC}") = "Tyuiu.RadchenkoAV.Sprint3.Task2.V13", "Tyuiu.RadchenkoAV.Sprint3.Task2.V13\Tyuiu.RadchenkoAV.Sprint3.Task2.V13.csproj", "{DD934C1C-04FE-4B74-8A7D-27C373786971}"
EndProject
Project("{FAE04EC0-301F-11D3-BF4B-00C04F79EFBC}") = "Tyuiu.RadchenkoAV.Sprint3.Task2.V13.Lib", "Tyuiu.RadchenkoAV.Sprint3.Task2.V13.Lib\Tyuiu.RadchenkoAV.Sprint3.Task2.V13.Lib.csproj", "{EEF8FF68-16B7-42E2-84C7-2E09C8EAEE9B}"
EndProject
Project("{FAE04EC0-301F-11D3-BF4B-00C04F79EFBC}") = "Tyuiu.RadchenkoAV.Sprint3.Task2.V13.Test", "Tyuiu.RadchenkoAV.Sprint3.Task2.V13.Test\Tyuiu.RadchenkoAV.Sprint3.Task2.V13.Test.csproj", "{B2F019A7-40FC-427C-BAE2-CD57E82CE020}"
EndProject
Project("{2150E333-8FDC-42A3-9474-1A3956D46DE8}") = "Task3", "Task3", "{FE8C3174-8055-437F-BC1C-851A23BB211A}"
EndProject
Project("{FAE04EC0-301F-11D3-BF4B-00C04F79EFBC}") = "Tyuiu.RadchenkoAV.Sprint3.Task3.V13", "Tyuiu.RadchenkoAV.Sprint3.Task3.V13\Tyuiu.RadchenkoAV.Sprint3.Task3.V13.csproj", "{A720D075-9B46-4924-942E-00AA0FF96E8F}"
EndProject
Project("{FAE04EC0-301F-11D3-BF4B-00C04F79EFBC}") = "Tyuiu.RadchenkoAV.Sprint3.Task3.V13.Lib", "Tyuiu.RadchenkoAV.Sprint3.Task3.V13.Lib\Tyuiu.RadchenkoAV.Sprint3.Task3.V13.Lib.csproj", "{93CEB761-12F9-495C-B9BD-3F88DBE3EDF8}"
EndProject
Project("{FAE04EC0-301F-11D3-BF4B-00C04F79EFBC}") = "Tyuiu.RadchenkoAV.Sprint3.Task3.V13.Test", "Tyuiu.RadchenkoAV.Sprint3.Task3.V13.Test\Tyuiu.RadchenkoAV.Sprint3.Task3.V13.Test.csproj", "{D39F978D-C37D-45E3-B22D-4718AC85263F}"
EndProject
Global
	GlobalSection(SolutionConfigurationPlatforms) = preSolution
		Debug|Any CPU = Debug|Any CPU
		Release|Any CPU = Release|Any CPU
	EndGlobalSection
	GlobalSection(ProjectConfigurationPlatforms) = postSolution
		{58BDCE56-2FEA-4064-9D44-5E89C57BCBB9}.Debug|Any CPU.ActiveCfg = Debug|Any CPU
		{58BDCE56-2FEA-4064-9D44-5E89C57BCBB9}.Debug|Any CPU.Build.0 = Debug|Any CPU
		{58BDCE56-2FEA-4064-9D44-5E89C57BCBB9}.Release|Any CPU.ActiveCfg = Release|Any CPU
		{58BDCE56-2FEA-4064-9D44-5E89C57BCBB9}.Release|Any CPU.Build.0 = Release|Any CPU
		{209E61CB-3ED4-4F8F-A218-6E80759A7FD5}.Debug|Any CPU.ActiveCfg = Debug|Any CPU
		{209E61CB-3ED4-4F8F-A218-6E80759A7FD5}.Debug|Any CPU.Build.0 = Debug|Any CPU
		{209E61CB-3ED4-4F8F-A218-6E80759A7FD5}.Release|Any CPU.ActiveCfg = Release|Any CPU
		{209E61CB-3ED4-4F8F-A218-6E80759A7FD5}.Release|Any CPU.Build.0 = Release|Any CPU
		{08F157E5-FDF1-48A5-9F53-4C2AB89C5165}.Debug|Any CPU.ActiveCfg = Debug|Any CPU
		{08F157E5-FDF1-48A5-9F53-4C2AB89C5165}.Debug|Any CPU.Build.0 = Debug|Any CPU
		{08F157E5-FDF1-48A5-9F53-4C2AB89C5165}.Release|Any CPU.ActiveCfg = Release|Any CPU
		{08F157E5-FDF1-48A5-9F53-4C2AB89C5165}.Release|Any CPU.Build.0 = Release|Any CPU
		{EF61B5F3-AD32-426C-A100-1C1FB272801F}.Debug|Any CPU.ActiveCfg = Debug|Any CPU
		{EF61B5F3-AD32-426C-A100-1C1FB272801F}.Debug|Any CPU.Build.0 = Debug|Any CPU
		{EF61B5F3-AD32-426C-A100-1C1FB272801F}.Release|Any CPU.ActiveCfg = Release|Any CPU
		{EF61B5F3-AD32-426C-A100-1C1FB272801F}.Release|Any CPU.Build.0 = Release|Any CPU
		{D948C67F-169E-47D0-9742-753956F72D81}.Debug|Any CPU.ActiveCfg = Debug|Any CPU
		{D948C67F-169E-47D0-9742-753956F72D81}.Debug|Any CPU.Build.0 = Debug|Any CPU
		{D948C67F-169E-47D0-9742-753956F72D81}.Release|Any CPU.ActiveCfg = Release|Any CPU
		{D948C67F-169E-47D0-9742-753956F72D81}.Release|Any CPU.Build.0 = Release|Any CPU
		{2B2D1A91-513E-49D9-90FE-389646B99664}.Debug|Any CPU.ActiveCfg = Debug|Any CPU
		{2B2D1A91-513E-49D9-90FE-389646B99664}.Debug|Any CPU.Build.0 = Debug|Any CPU
		{2B2D1A91-513E-49D9-90FE-389646B99664}.Release|Any CPU.ActiveCfg = Release|Any CPU
		{2B2D1A91-513E-49D9-90FE-389646B99664}.Release|Any CPU.Build.0 = Release|Any CPU
		{DD934C1C-04FE-4B74-8A7D-27C373786971}.Debug|Any CPU.ActiveCfg = Debug|Any CPU
		{DD934C1C-04FE-4B74-8A7D-27C373786971}.Debug|Any CPU.Build.0 = Debug|Any CPU
		{DD934C1C-04FE-4B74-8A7D-27C373786971}.Release|Any CPU.ActiveCfg = Release|Any CPU
		{DD934C1C-04FE-4B74-8A7D-27C373786971}.Release|Any CPU.Build.0 = Release|Any CPU
		{EEF8FF68-16B7-42E2-84C7-2E09C8EAEE9B}.Debug|Any CPU.ActiveCfg = Debug|Any CPU
		{EEF8FF68-16B7-42E2-84C7-2E09C8EAEE9B}.Debug|Any CPU.Build.0 = Debug|Any CPU
		{EEF8FF68-16B7-42E2-84C7-2E09C8EAEE9B}.Release|Any CPU.ActiveCfg = Release|Any CPU
		{EEF8FF68-16B7-42E2-84C7-2E09C8EAEE9B}.Release|Any CPU.Build.0 = Release|Any CPU
		{B2F019A7-40FC-427C-BAE2-CD57E82CE020}.Debug|Any CPU.ActiveCfg = Debug|Any CPU
		{B2F019A7-40FC-427C-BAE2-CD57E82CE020}.Debug|Any CPU.Build.0 = Debug|Any CPU
		{B2F019A7-40FC-427C-BAE2-CD57E82CE020}.Release|Any CPU.ActiveCfg = Release|Any CPU
		{B2F019A7-40FC-427C-BAE2-CD57E82CE020}.Release|Any CPU.Build.0 = Release|Any CPU
		{A720D075-9B46-4924-942E-00AA0FF96E8F}.Debug|Any CPU.ActiveCfg = Debug|Any CPU
		{A720D075-9B46-4924-942E-00AA0FF96E8F}.Debug|Any CPU.Build.0 = Debug|Any CPU
		{A720D075-9B46-4924-942E-00AA0FF96E8F}.Release|Any CPU.ActiveCfg = Release|Any CPU
		{A720D075-9B46-4924-942E-00AA0FF96E8F}.Release|Any CPU.Build.0 = Release|Any CPU
		{93CEB761-12F9-495C-B9BD-3F88DBE3EDF8}.Debug|Any CPU.ActiveCfg = Debug|Any CPU
		{93CEB761-12F9-495C-B9BD-3F88DBE3EDF8}.Debug|Any CPU.Build.0 = Debug|Any CPU
		{93CEB761-12F9-495C-B9BD-3F88DBE3EDF8}.Release|Any CPU.ActiveCfg = Release|Any CPU
		{93CEB761-12F9-495C-B9BD-3F88DBE3EDF8}.Release|Any CPU.Build.0 = Release|Any CPU
		{D39F978D-C37D-45E3-B22D-4718AC85263F}.Debug|Any CPU.ActiveCfg = Debug|Any CPU
		{D39F978D-C37D-45E3-B22D-4718AC85263F}.Debug|Any CPU.Build.0 = Debug|Any CPU
		{D39F978D-C37D-45E3-B22D-4718AC85263F}.Release|Any CPU.ActiveCfg = Release|Any CPU
		{D39F978D-C37D-45E3-B22D-4718AC85263F}.Release|Any CPU.Build.0 = Release|Any CPU
	EndGlobalSection
	GlobalSection(SolutionProperties) = preSolution
		HideSolutionNode = FALSE
	EndGlobalSection
	GlobalSection(NestedProjects) = preSolution
		{58BDCE56-2FEA-4064-9D44-5E89C57BCBB9} = {02EA681E-C7D8-13C7-8484-4AC65E1B71E8}
		{209E61CB-3ED4-4F8F-A218-6E80759A7FD5} = {02EA681E-C7D8-13C7-8484-4AC65E1B71E8}
		{08F157E5-FDF1-48A5-9F53-4C2AB89C5165} = {02EA681E-C7D8-13C7-8484-4AC65E1B71E8}
		{EF61B5F3-AD32-426C-A100-1C1FB272801F} = {62E6A9D9-F58C-4E41-97DB-1CFCDFC471B3}
		{D948C67F-169E-47D0-9742-753956F72D81} = {62E6A9D9-F58C-4E41-97DB-1CFCDFC471B3}
		{2B2D1A91-513E-49D9-90FE-389646B99664} = {62E6A9D9-F58C-4E41-97DB-1CFCDFC471B3}
		{DD934C1C-04FE-4B74-8A7D-27C373786971} = {4695376E-39DB-4F14-A467-9C4D32F1AF9C}
		{EEF8FF68-16B7-42E2-84C7-2E09C8EAEE9B} = {4695376E-39DB-4F14-A467-9C4D32F1AF9C}
		{B2F019A7-40FC-427C-BAE2-CD57E82CE020} = {4695376E-39DB-4F14-A467-9C4D32F1AF9C}
		{A720D075-9B46-4924-942E-00AA0FF96E8F} = {FE8C3174-8055-437F-BC1C-851A23BB211A}
		{93CEB761-12F9-495C-B9BD-3F88DBE3EDF8} = {FE8C3174-8055-437F-BC1C-851A23BB211A}
		{D39F978D-C37D-45E3-B22D-4718AC85263F} = {FE8C3174-8055-437F-BC1C-851A23BB211A}
	EndGlobalSection
	GlobalSection(ExtensibilityGlobals) = postSolution
		SolutionGuid = {EBA52D71-A897-40BF-BE29-46158C114FE6}
	EndGlobalSection
EndGlobal
